
Microsoft Visual Studio Solution File, Format Version 12.00
# Visual Studio Version 16
VisualStudioVersion = 16.0.31005.135
MinimumVisualStudioVersion = 10.0.40219.1
Project("{9A19103F-16F7-4668-BE54-9A1E7A4F7556}") = "RektaRetailApp.Domain", "RektaRetailApp.Domain\RektaRetailApp.Domain.csproj", "{9FCC606C-22AE-446F-A6F3-06C631C6A7F8}"
EndProject
Project("{9A19103F-16F7-4668-BE54-9A1E7A4F7556}") = "RektaGraphQLServer", "RektaGraphQLServer\RektaGraphQLServer.csproj", "{BCCA5C45-4135-489B-876A-FD3A7047DE31}"
EndProject
Project("{9A19103F-16F7-4668-BE54-9A1E7A4F7556}") = "RektaRetailApp.Web", "RektaRetailApp.Web\RektaRetailApp.Web.csproj", "{27535FD3-EA71-402F-805F-63870F136E0C}"
EndProject
Global
	GlobalSection(SolutionConfigurationPlatforms) = preSolution
		Debug|Any CPU = Debug|Any CPU
		Release|Any CPU = Release|Any CPU
	EndGlobalSection
	GlobalSection(ProjectConfigurationPlatforms) = postSolution
		{9FCC606C-22AE-446F-A6F3-06C631C6A7F8}.Debug|Any CPU.ActiveCfg = Debug|Any CPU
		{9FCC606C-22AE-446F-A6F3-06C631C6A7F8}.Debug|Any CPU.Build.0 = Debug|Any CPU
		{9FCC606C-22AE-446F-A6F3-06C631C6A7F8}.Release|Any CPU.ActiveCfg = Release|Any CPU
		{9FCC606C-22AE-446F-A6F3-06C631C6A7F8}.Release|Any CPU.Build.0 = Release|Any CPU
		{BCCA5C45-4135-489B-876A-FD3A7047DE31}.Debug|Any CPU.ActiveCfg = Debug|Any CPU
		{BCCA5C45-4135-489B-876A-FD3A7047DE31}.Debug|Any CPU.Build.0 = Debug|Any CPU
		{BCCA5C45-4135-489B-876A-FD3A7047DE31}.Release|Any CPU.ActiveCfg = Release|Any CPU
		{BCCA5C45-4135-489B-876A-FD3A7047DE31}.Release|Any CPU.Build.0 = Release|Any CPU
		{27535FD3-EA71-402F-805F-63870F136E0C}.Debug|Any CPU.ActiveCfg = Debug|Any CPU
		{27535FD3-EA71-402F-805F-63870F136E0C}.Debug|Any CPU.Build.0 = Debug|Any CPU
		{27535FD3-EA71-402F-805F-63870F136E0C}.Release|Any CPU.ActiveCfg = Release|Any CPU
		{27535FD3-EA71-402F-805F-63870F136E0C}.Release|Any CPU.Build.0 = Release|Any CPU
	EndGlobalSection
	GlobalSection(SolutionProperties) = preSolution
		HideSolutionNode = FALSE
	EndGlobalSection
	GlobalSection(ExtensibilityGlobals) = postSolution
		SolutionGuid = {48FE6DAB-4635-4985-B93C-0BB05836936E}
	EndGlobalSection
EndGlobal
